
Microsoft Visual Studio Solution File, Format Version 12.00
Project("{FAE04EC0-301F-11D3-BF4B-00C04F79EFBC}") = "bnl-dark-api", "bnl-dark-api\bnl-dark-api.csproj", "{1AD5A14D-90BA-4836-84E0-59FA2F620821}"
EndProject
Global
	GlobalSection(SolutionConfigurationPlatforms) = preSolution
		Debug|Any CPU = Debug|Any CPU
		Release|Any CPU = Release|Any CPU
	EndGlobalSection
	GlobalSection(ProjectConfigurationPlatforms) = postSolution
		{1AD5A14D-90BA-4836-84E0-59FA2F620821}.Debug|Any CPU.ActiveCfg = Debug|Any CPU
		{1AD5A14D-90BA-4836-84E0-59FA2F620821}.Debug|Any CPU.Build.0 = Debug|Any CPU
		{1AD5A14D-90BA-4836-84E0-59FA2F620821}.Release|Any CPU.ActiveCfg = Release|Any CPU
		{1AD5A14D-90BA-4836-84E0-59FA2F620821}.Release|Any CPU.Build.0 = Release|Any CPU
	EndGlobalSection
EndGlobal
